
Microsoft Visual Studio Solution File, Format Version 12.00
# Visual Studio Version 17
VisualStudioVersion = 17.14.36127.28 d17.14
MinimumVisualStudioVersion = 10.0.40219.1
Project("{FAE04EC0-301F-11D3-BF4B-00C04F79EFBC}") = "LeaderboardService", "LeaderboardService.csproj", "{CF5DD007-ACEE-4E25-8933-12BF3642BEE1}"
EndProject
Global
	GlobalSection(SolutionConfigurationPlatforms) = preSolution
		Debug|Any CPU = Debug|Any CPU
		Release|Any CPU = Release|Any CPU
	EndGlobalSection
	GlobalSection(ProjectConfigurationPlatforms) = postSolution
		{CF5DD007-ACEE-4E25-8933-12BF3642BEE1}.Debug|Any CPU.ActiveCfg = Debug|Any CPU
		{CF5DD007-ACEE-4E25-8933-12BF3642BEE1}.Debug|Any CPU.Build.0 = Debug|Any CPU
		{CF5DD007-ACEE-4E25-8933-12BF3642BEE1}.Release|Any CPU.ActiveCfg = Release|Any CPU
		{CF5DD007-ACEE-4E25-8933-12BF3642BEE1}.Release|Any CPU.Build.0 = Release|Any CPU
	EndGlobalSection
	GlobalSection(SolutionProperties) = preSolution
		HideSolutionNode = FALSE
	EndGlobalSection
	GlobalSection(ExtensibilityGlobals) = postSolution
		SolutionGuid = {FBE19A4A-EB5E-45DD-AC1C-2D2A33525C27}
	EndGlobalSection
EndGlobal
